// !$*UTF8*$!
{
	archiveVersion = 1;
	classes = {
	};
	objectVersion = 56;
	objects = {

/* Begin PBXBuildFile section */
		361868412BFFAED40001116E /* AppDelegate.swift in Sources */ = {isa = PBXBuildFile; fileRef = 361868402BFFAED40001116E /* AppDelegate.swift */; };
		361868432BFFAED40001116E /* SceneDelegate.swift in Sources */ = {isa = PBXBuildFile; fileRef = 361868422BFFAED40001116E /* SceneDelegate.swift */; };
		3618684A2BFFAED70001116E /* Assets.xcassets in Resources */ = {isa = PBXBuildFile; fileRef = 361868492BFFAED70001116E /* Assets.xcassets */; };
		3618684D2BFFAED70001116E /* Base in Resources */ = {isa = PBXBuildFile; fileRef = 3618684C2BFFAED70001116E /* Base */; };
		361868712BFFAF3F0001116E /* ProfitLossModel.swift in Sources */ = {isa = PBXBuildFile; fileRef = 361868542BFFAF3E0001116E /* ProfitLossModel.swift */; };
		361868722BFFAF3F0001116E /* ProfitLossCell.swift in Sources */ = {isa = PBXBuildFile; fileRef = 361868562BFFAF3E0001116E /* ProfitLossCell.swift */; };
		361868732BFFAF3F0001116E /* ProfitLossFooterView.swift in Sources */ = {isa = PBXBuildFile; fileRef = 361868572BFFAF3E0001116E /* ProfitLossFooterView.swift */; };
		361868742BFFAF3F0001116E /* ProfitLossCellViewModel.swift in Sources */ = {isa = PBXBuildFile; fileRef = 361868592BFFAF3E0001116E /* ProfitLossCellViewModel.swift */; };
		361868752BFFAF3F0001116E /* StarMarkView.swift in Sources */ = {isa = PBXBuildFile; fileRef = 3618685C2BFFAF3E0001116E /* StarMarkView.swift */; };
		361868762BFFAF3F0001116E /* Double+Extensions.swift in Sources */ = {isa = PBXBuildFile; fileRef = 3618685E2BFFAF3E0001116E /* Double+Extensions.swift */; };
		361868772BFFAF3F0001116E /* UIColor+Extensions.swift in Sources */ = {isa = PBXBuildFile; fileRef = 3618685F2BFFAF3E0001116E /* UIColor+Extensions.swift */; };
		361868782BFFAF3F0001116E /* UIView+Extensions.swift in Sources */ = {isa = PBXBuildFile; fileRef = 361868602BFFAF3E0001116E /* UIView+Extensions.swift */; };
		361868792BFFAF3F0001116E /* StocksModel.swift in Sources */ = {isa = PBXBuildFile; fileRef = 361868622BFFAF3F0001116E /* StocksModel.swift */; };
		3618687A2BFFAF3F0001116E /* MainTabBarViewController.swift in Sources */ = {isa = PBXBuildFile; fileRef = 361868642BFFAF3F0001116E /* MainTabBarViewController.swift */; };
		3618687B2BFFAF3F0001116E /* PortfolioTableViewCell.swift in Sources */ = {isa = PBXBuildFile; fileRef = 361868652BFFAF3F0001116E /* PortfolioTableViewCell.swift */; };
		3618687C2BFFAF3F0001116E /* PortfolioViewController.swift in Sources */ = {isa = PBXBuildFile; fileRef = 361868662BFFAF3F0001116E /* PortfolioViewController.swift */; };
		3618687D2BFFAF3F0001116E /* PortfolioTableViewCellViewModel.swift in Sources */ = {isa = PBXBuildFile; fileRef = 361868682BFFAF3F0001116E /* PortfolioTableViewCellViewModel.swift */; };
		3618687E2BFFAF3F0001116E /* StockViewModel.swift in Sources */ = {isa = PBXBuildFile; fileRef = 361868692BFFAF3F0001116E /* StockViewModel.swift */; };
		3618687F2BFFAF3F0001116E /* Constants.swift in Sources */ = {isa = PBXBuildFile; fileRef = 3618686C2BFFAF3F0001116E /* Constants.swift */; };
		361868802BFFAF3F0001116E /* APIManager.swift in Sources */ = {isa = PBXBuildFile; fileRef = 3618686E2BFFAF3F0001116E /* APIManager.swift */; };
		361868812BFFAF3F0001116E /* NetworkMonitor.swift in Sources */ = {isa = PBXBuildFile; fileRef = 3618686F2BFFAF3F0001116E /* NetworkMonitor.swift */; };
/* End PBXBuildFile section */

/* Begin PBXFileReference section */
		3618683D2BFFAED40001116E /* UpStocks.app */ = {isa = PBXFileReference; explicitFileType = wrapper.application; includeInIndex = 0; path = UpStocks.app; sourceTree = BUILT_PRODUCTS_DIR; };
		361868402BFFAED40001116E /* AppDelegate.swift */ = {isa = PBXFileReference; lastKnownFileType = sourcecode.swift; path = AppDelegate.swift; sourceTree = "<group>"; };
		361868422BFFAED40001116E /* SceneDelegate.swift */ = {isa = PBXFileReference; lastKnownFileType = sourcecode.swift; path = SceneDelegate.swift; sourceTree = "<group>"; };
		361868492BFFAED70001116E /* Assets.xcassets */ = {isa = PBXFileReference; lastKnownFileType = folder.assetcatalog; path = Assets.xcassets; sourceTree = "<group>"; };
		3618684C2BFFAED70001116E /* Base */ = {isa = PBXFileReference; lastKnownFileType = file.storyboard; name = Base; path = Base.lproj/LaunchScreen.storyboard; sourceTree = "<group>"; };
		3618684E2BFFAED70001116E /* Info.plist */ = {isa = PBXFileReference; lastKnownFileType = text.plist.xml; path = Info.plist; sourceTree = "<group>"; };
		361868542BFFAF3E0001116E /* ProfitLossModel.swift */ = {isa = PBXFileReference; fileEncoding = 4; lastKnownFileType = sourcecode.swift; path = ProfitLossModel.swift; sourceTree = "<group>"; };
		361868562BFFAF3E0001116E /* ProfitLossCell.swift */ = {isa = PBXFileReference; fileEncoding = 4; lastKnownFileType = sourcecode.swift; path = ProfitLossCell.swift; sourceTree = "<group>"; };
		361868572BFFAF3E0001116E /* ProfitLossFooterView.swift */ = {isa = PBXFileReference; fileEncoding = 4; lastKnownFileType = sourcecode.swift; path = ProfitLossFooterView.swift; sourceTree = "<group>"; };
		361868592BFFAF3E0001116E /* ProfitLossCellViewModel.swift */ = {isa = PBXFileReference; fileEncoding = 4; lastKnownFileType = sourcecode.swift; path = ProfitLossCellViewModel.swift; sourceTree = "<group>"; };
		3618685C2BFFAF3E0001116E /* StarMarkView.swift */ = {isa = PBXFileReference; fileEncoding = 4; lastKnownFileType = sourcecode.swift; path = StarMarkView.swift; sourceTree = "<group>"; };
		3618685E2BFFAF3E0001116E /* Double+Extensions.swift */ = {isa = PBXFileReference; fileEncoding = 4; lastKnownFileType = sourcecode.swift; path = "Double+Extensions.swift"; sourceTree = "<group>"; };
		3618685F2BFFAF3E0001116E /* UIColor+Extensions.swift */ = {isa = PBXFileReference; fileEncoding = 4; lastKnownFileType = sourcecode.swift; path = "UIColor+Extensions.swift"; sourceTree = "<group>"; };
		361868602BFFAF3E0001116E /* UIView+Extensions.swift */ = {isa = PBXFileReference; fileEncoding = 4; lastKnownFileType = sourcecode.swift; path = "UIView+Extensions.swift"; sourceTree = "<group>"; };
		361868622BFFAF3F0001116E /* StocksModel.swift */ = {isa = PBXFileReference; fileEncoding = 4; lastKnownFileType = sourcecode.swift; path = StocksModel.swift; sourceTree = "<group>"; };
		361868642BFFAF3F0001116E /* MainTabBarViewController.swift */ = {isa = PBXFileReference; fileEncoding = 4; lastKnownFileType = sourcecode.swift; path = MainTabBarViewController.swift; sourceTree = "<group>"; };
		361868652BFFAF3F0001116E /* PortfolioTableViewCell.swift */ = {isa = PBXFileReference; fileEncoding = 4; lastKnownFileType = sourcecode.swift; path = PortfolioTableViewCell.swift; sourceTree = "<group>"; };
		361868662BFFAF3F0001116E /* PortfolioViewController.swift */ = {isa = PBXFileReference; fileEncoding = 4; lastKnownFileType = sourcecode.swift; path = PortfolioViewController.swift; sourceTree = "<group>"; };
		361868682BFFAF3F0001116E /* PortfolioTableViewCellViewModel.swift */ = {isa = PBXFileReference; fileEncoding = 4; lastKnownFileType = sourcecode.swift; path = PortfolioTableViewCellViewModel.swift; sourceTree = "<group>"; };
		361868692BFFAF3F0001116E /* StockViewModel.swift */ = {isa = PBXFileReference; fileEncoding = 4; lastKnownFileType = sourcecode.swift; path = StockViewModel.swift; sourceTree = "<group>"; };
		3618686C2BFFAF3F0001116E /* Constants.swift */ = {isa = PBXFileReference; fileEncoding = 4; lastKnownFileType = sourcecode.swift; path = Constants.swift; sourceTree = "<group>"; };
		3618686E2BFFAF3F0001116E /* APIManager.swift */ = {isa = PBXFileReference; fileEncoding = 4; lastKnownFileType = sourcecode.swift; path = APIManager.swift; sourceTree = "<group>"; };
		3618686F2BFFAF3F0001116E /* NetworkMonitor.swift */ = {isa = PBXFileReference; fileEncoding = 4; lastKnownFileType = sourcecode.swift; path = NetworkMonitor.swift; sourceTree = "<group>"; };
/* End PBXFileReference section */

/* Begin PBXFrameworksBuildPhase section */
		3618683A2BFFAED40001116E /* Frameworks */ = {
			isa = PBXFrameworksBuildPhase;
			buildActionMask = 2147483647;
			files = (
			);
			runOnlyForDeploymentPostprocessing = 0;
		};
/* End PBXFrameworksBuildPhase section */

/* Begin PBXGroup section */
		361868342BFFAED40001116E = {
			isa = PBXGroup;
			children = (
				3618683F2BFFAED40001116E /* UpStocks */,
				3618683E2BFFAED40001116E /* Products */,
			);
			sourceTree = "<group>";
		};
		3618683E2BFFAED40001116E /* Products */ = {
			isa = PBXGroup;
			children = (
				3618683D2BFFAED40001116E /* UpStocks.app */,
			);
			name = Products;
			sourceTree = "<group>";
		};
		3618683F2BFFAED40001116E /* UpStocks */ = {
			isa = PBXGroup;
			children = (
				361868402BFFAED40001116E /* AppDelegate.swift */,
				361868422BFFAED40001116E /* SceneDelegate.swift */,
				3618686D2BFFAF3F0001116E /* Constants */,
				361868702BFFAF3F0001116E /* Networking */,
				3618686B2BFFAF3F0001116E /* Portfolio */,
				3618685B2BFFAF3E0001116E /* ProfitLoss */,
				3618685D2BFFAF3E0001116E /* ReusableView */,
				361868612BFFAF3E0001116E /* Utility */,
				361868492BFFAED70001116E /* Assets.xcassets */,
				3618684B2BFFAED70001116E /* LaunchScreen.storyboard */,
				3618684E2BFFAED70001116E /* Info.plist */,
			);
			path = UpStocks;
			sourceTree = "<group>";
		};
		361868552BFFAF3E0001116E /* Model */ = {
			isa = PBXGroup;
			children = (
				361868542BFFAF3E0001116E /* ProfitLossModel.swift */,
			);
			path = Model;
			sourceTree = "<group>";
		};
		361868582BFFAF3E0001116E /* View */ = {
			isa = PBXGroup;
			children = (
				361868562BFFAF3E0001116E /* ProfitLossCell.swift */,
				361868572BFFAF3E0001116E /* ProfitLossFooterView.swift */,
			);
			path = View;
			sourceTree = "<group>";
		};
		3618685A2BFFAF3E0001116E /* ViewModel */ = {
			isa = PBXGroup;
			children = (
				361868592BFFAF3E0001116E /* ProfitLossCellViewModel.swift */,
			);
			path = ViewModel;
			sourceTree = "<group>";
		};
		3618685B2BFFAF3E0001116E /* ProfitLoss */ = {
			isa = PBXGroup;
			children = (
				361868552BFFAF3E0001116E /* Model */,
				361868582BFFAF3E0001116E /* View */,
				3618685A2BFFAF3E0001116E /* ViewModel */,
			);
			path = ProfitLoss;
			sourceTree = "<group>";
		};
		3618685D2BFFAF3E0001116E /* ReusableView */ = {
			isa = PBXGroup;
			children = (
				3618685C2BFFAF3E0001116E /* StarMarkView.swift */,
			);
			path = ReusableView;
			sourceTree = "<group>";
		};
		361868612BFFAF3E0001116E /* Utility */ = {
			isa = PBXGroup;
			children = (
				3618685E2BFFAF3E0001116E /* Double+Extensions.swift */,
				3618685F2BFFAF3E0001116E /* UIColor+Extensions.swift */,
				361868602BFFAF3E0001116E /* UIView+Extensions.swift */,
			);
			path = Utility;
			sourceTree = "<group>";
		};
		361868632BFFAF3F0001116E /* Model */ = {
			isa = PBXGroup;
			children = (
				361868622BFFAF3F0001116E /* StocksModel.swift */,
			);
			path = Model;
			sourceTree = "<group>";
		};
		361868672BFFAF3F0001116E /* View */ = {
			isa = PBXGroup;
			children = (
				361868642BFFAF3F0001116E /* MainTabBarViewController.swift */,
				361868652BFFAF3F0001116E /* PortfolioTableViewCell.swift */,
				361868662BFFAF3F0001116E /* PortfolioViewController.swift */,
			);
			path = View;
			sourceTree = "<group>";
		};
		3618686A2BFFAF3F0001116E /* ViewModel */ = {
			isa = PBXGroup;
			children = (
				361868682BFFAF3F0001116E /* PortfolioTableViewCellViewModel.swift */,
				361868692BFFAF3F0001116E /* StockViewModel.swift */,
			);
			path = ViewModel;
			sourceTree = "<group>";
		};
		3618686B2BFFAF3F0001116E /* Portfolio */ = {
			isa = PBXGroup;
			children = (
				361868632BFFAF3F0001116E /* Model */,
				361868672BFFAF3F0001116E /* View */,
				3618686A2BFFAF3F0001116E /* ViewModel */,
			);
			path = Portfolio;
			sourceTree = "<group>";
		};
		3618686D2BFFAF3F0001116E /* Constants */ = {
			isa = PBXGroup;
			children = (
				3618686C2BFFAF3F0001116E /* Constants.swift */,
			);
			path = Constants;
			sourceTree = "<group>";
		};
		361868702BFFAF3F0001116E /* Networking */ = {
			isa = PBXGroup;
			children = (
				3618686E2BFFAF3F0001116E /* APIManager.swift */,
				3618686F2BFFAF3F0001116E /* NetworkMonitor.swift */,
			);
			path = Networking;
			sourceTree = "<group>";
		};
/* End PBXGroup section */

/* Begin PBXNativeTarget section */
		3618683C2BFFAED40001116E /* UpStocks */ = {
			isa = PBXNativeTarget;
			buildConfigurationList = 361868512BFFAED70001116E /* Build configuration list for PBXNativeTarget "UpStocks" */;
			buildPhases = (
				361868392BFFAED40001116E /* Sources */,
				3618683A2BFFAED40001116E /* Frameworks */,
				3618683B2BFFAED40001116E /* Resources */,
			);
			buildRules = (
			);
			dependencies = (
			);
			name = UpStocks;
			productName = UpStocks;
			productReference = 3618683D2BFFAED40001116E /* UpStocks.app */;
			productType = "com.apple.product-type.application";
		};
/* End PBXNativeTarget section */

/* Begin PBXProject section */
		361868352BFFAED40001116E /* Project object */ = {
			isa = PBXProject;
			attributes = {
				BuildIndependentTargetsInParallel = 1;
				LastSwiftUpdateCheck = 1540;
				LastUpgradeCheck = 1540;
				TargetAttributes = {
					3618683C2BFFAED40001116E = {
						CreatedOnToolsVersion = 15.4;
					};
				};
			};
			buildConfigurationList = 361868382BFFAED40001116E /* Build configuration list for PBXProject "UpStocks" */;
			compatibilityVersion = "Xcode 14.0";
			developmentRegion = en;
			hasScannedForEncodings = 0;
			knownRegions = (
				en,
				Base,
			);
			mainGroup = 361868342BFFAED40001116E;
			productRefGroup = 3618683E2BFFAED40001116E /* Products */;
			projectDirPath = "";
			projectRoot = "";
			targets = (
				3618683C2BFFAED40001116E /* UpStocks */,
			);
		};
/* End PBXProject section */

/* Begin PBXResourcesBuildPhase section */
		3618683B2BFFAED40001116E /* Resources */ = {
			isa = PBXResourcesBuildPhase;
			buildActionMask = 2147483647;
			files = (
				3618684A2BFFAED70001116E /* Assets.xcassets in Resources */,
				3618684D2BFFAED70001116E /* Base in Resources */,
			);
			runOnlyForDeploymentPostprocessing = 0;
		};
/* End PBXResourcesBuildPhase section */

/* Begin PBXSourcesBuildPhase section */
		361868392BFFAED40001116E /* Sources */ = {
			isa = PBXSourcesBuildPhase;
			buildActionMask = 2147483647;
			files = (
				361868802BFFAF3F0001116E /* APIManager.swift in Sources */,
				3618687C2BFFAF3F0001116E /* PortfolioViewController.swift in Sources */,
				361868772BFFAF3F0001116E /* UIColor+Extensions.swift in Sources */,
				361868412BFFAED40001116E /* AppDelegate.swift in Sources */,
				361868732BFFAF3F0001116E /* ProfitLossFooterView.swift in Sources */,
				361868792BFFAF3F0001116E /* StocksModel.swift in Sources */,
				361868762BFFAF3F0001116E /* Double+Extensions.swift in Sources */,
				361868712BFFAF3F0001116E /* ProfitLossModel.swift in Sources */,
				3618687A2BFFAF3F0001116E /* MainTabBarViewController.swift in Sources */,
				361868722BFFAF3F0001116E /* ProfitLossCell.swift in Sources */,
				361868752BFFAF3F0001116E /* StarMarkView.swift in Sources */,
				3618687E2BFFAF3F0001116E /* StockViewModel.swift in Sources */,
				3618687B2BFFAF3F0001116E /* PortfolioTableViewCell.swift in Sources */,
				361868742BFFAF3F0001116E /* ProfitLossCellViewModel.swift in Sources */,
				3618687D2BFFAF3F0001116E /* PortfolioTableViewCellViewModel.swift in Sources */,
				361868432BFFAED40001116E /* SceneDelegate.swift in Sources */,
				361868812BFFAF3F0001116E /* NetworkMonitor.swift in Sources */,
				361868782BFFAF3F0001116E /* UIView+Extensions.swift in Sources */,
				3618687F2BFFAF3F0001116E /* Constants.swift in Sources */,
			);
			runOnlyForDeploymentPostprocessing = 0;
		};
/* End PBXSourcesBuildPhase section */

/* Begin PBXVariantGroup section */
		3618684B2BFFAED70001116E /* LaunchScreen.storyboard */ = {
			isa = PBXVariantGroup;
			children = (
				3618684C2BFFAED70001116E /* Base */,
			);
			name = LaunchScreen.storyboard;
			sourceTree = "<group>";
		};
/* End PBXVariantGroup section */

/* Begin XCBuildConfiguration section */
		3618684F2BFFAED70001116E /* Debug */ = {
			isa = XCBuildConfiguration;
			buildSettings = {
				ALWAYS_SEARCH_USER_PATHS = NO;
				ASSETCATALOG_COMPILER_GENERATE_SWIFT_ASSET_SYMBOL_EXTENSIONS = YES;
				CLANG_ANALYZER_NONNULL = YES;
				CLANG_ANALYZER_NUMBER_OBJECT_CONVERSION = YES_AGGRESSIVE;
				CLANG_CXX_LANGUAGE_STANDARD = "gnu++20";
				CLANG_ENABLE_MODULES = YES;
				CLANG_ENABLE_OBJC_ARC = YES;
				CLANG_ENABLE_OBJC_WEAK = YES;
				CLANG_WARN_BLOCK_CAPTURE_AUTORELEASING = YES;
				CLANG_WARN_BOOL_CONVERSION = YES;
				CLANG_WARN_COMMA = YES;
				CLANG_WARN_CONSTANT_CONVERSION = YES;
				CLANG_WARN_DEPRECATED_OBJC_IMPLEMENTATIONS = YES;
				CLANG_WARN_DIRECT_OBJC_ISA_USAGE = YES_ERROR;
				CLANG_WARN_DOCUMENTATION_COMMENTS = YES;
				CLANG_WARN_EMPTY_BODY = YES;
				CLANG_WARN_ENUM_CONVERSION = YES;
				CLANG_WARN_INFINITE_RECURSION = YES;
				CLANG_WARN_INT_CONVERSION = YES;
				CLANG_WARN_NON_LITERAL_NULL_CONVERSION = YES;
				CLANG_WARN_OBJC_IMPLICIT_RETAIN_SELF = YES;
				CLANG_WARN_OBJC_LITERAL_CONVERSION = YES;
				CLANG_WARN_OBJC_ROOT_CLASS = YES_ERROR;
				CLANG_WARN_QUOTED_INCLUDE_IN_FRAMEWORK_HEADER = YES;
				CLANG_WARN_RANGE_LOOP_ANALYSIS = YES;
				CLANG_WARN_STRICT_PROTOTYPES = YES;
				CLANG_WARN_SUSPICIOUS_MOVE = YES;
				CLANG_WARN_UNGUARDED_AVAILABILITY = YES_AGGRESSIVE;
				CLANG_WARN_UNREACHABLE_CODE = YES;
				CLANG_WARN__DUPLICATE_METHOD_MATCH = YES;
				COPY_PHASE_STRIP = NO;
				DEBUG_INFORMATION_FORMAT = dwarf;
				ENABLE_STRICT_OBJC_MSGSEND = YES;
				ENABLE_TESTABILITY = YES;
				ENABLE_USER_SCRIPT_SANDBOXING = YES;
				GCC_C_LANGUAGE_STANDARD = gnu17;
				GCC_DYNAMIC_NO_PIC = NO;
				GCC_NO_COMMON_BLOCKS = YES;
				GCC_OPTIMIZATION_LEVEL = 0;
				GCC_PREPROCESSOR_DEFINITIONS = (
					"DEBUG=1",
					"$(inherited)",
				);
				GCC_WARN_64_TO_32_BIT_CONVERSION = YES;
				GCC_WARN_ABOUT_RETURN_TYPE = YES_ERROR;
				GCC_WARN_UNDECLARED_SELECTOR = YES;
				GCC_WARN_UNINITIALIZED_AUTOS = YES_AGGRESSIVE;
				GCC_WARN_UNUSED_FUNCTION = YES;
				GCC_WARN_UNUSED_VARIABLE = YES;
				IPHONEOS_DEPLOYMENT_TARGET = 17.5;
				LOCALIZATION_PREFERS_STRING_CATALOGS = YES;
				MTL_ENABLE_DEBUG_INFO = INCLUDE_SOURCE;
				MTL_FAST_MATH = YES;
				ONLY_ACTIVE_ARCH = YES;
				SDKROOT = iphoneos;
				SWIFT_ACTIVE_COMPILATION_CONDITIONS = "DEBUG $(inherited)";
				SWIFT_OPTIMIZATION_LEVEL = "-Onone";
			};
			name = Debug;
		};
		361868502BFFAED70001116E /* Release */ = {
			isa = XCBuildConfiguration;
			buildSettings = {
				ALWAYS_SEARCH_USER_PATHS = NO;
				ASSETCATALOG_COMPILER_GENERATE_SWIFT_ASSET_SYMBOL_EXTENSIONS = YES;
				CLANG_ANALYZER_NONNULL = YES;
				CLANG_ANALYZER_NUMBER_OBJECT_CONVERSION = YES_AGGRESSIVE;
				CLANG_CXX_LANGUAGE_STANDARD = "gnu++20";
				CLANG_ENABLE_MODULES = YES;
				CLANG_ENABLE_OBJC_ARC = YES;
				CLANG_ENABLE_OBJC_WEAK = YES;
				CLANG_WARN_BLOCK_CAPTURE_AUTORELEASING = YES;
				CLANG_WARN_BOOL_CONVERSION = YES;
				CLANG_WARN_COMMA = YES;
				CLANG_WARN_CONSTANT_CONVERSION = YES;
				CLANG_WARN_DEPRECATED_OBJC_IMPLEMENTATIONS = YES;
				CLANG_WARN_DIRECT_OBJC_ISA_USAGE = YES_ERROR;
				CLANG_WARN_DOCUMENTATION_COMMENTS = YES;
				CLANG_WARN_EMPTY_BODY = YES;
				CLANG_WARN_ENUM_CONVERSION = YES;
				CLANG_WARN_INFINITE_RECURSION = YES;
				CLANG_WARN_INT_CONVERSION = YES;
				CLANG_WARN_NON_LITERAL_NULL_CONVERSION = YES;
				CLANG_WARN_OBJC_IMPLICIT_RETAIN_SELF = YES;
				CLANG_WARN_OBJC_LITERAL_CONVERSION = YES;
				CLANG_WARN_OBJC_ROOT_CLASS = YES_ERROR;
				CLANG_WARN_QUOTED_INCLUDE_IN_FRAMEWORK_HEADER = YES;
				CLANG_WARN_RANGE_LOOP_ANALYSIS = YES;
				CLANG_WARN_STRICT_PROTOTYPES = YES;
				CLANG_WARN_SUSPICIOUS_MOVE = YES;
				CLANG_WARN_UNGUARDED_AVAILABILITY = YES_AGGRESSIVE;
				CLANG_WARN_UNREACHABLE_CODE = YES;
				CLANG_WARN__DUPLICATE_METHOD_MATCH = YES;
				COPY_PHASE_STRIP = NO;
				DEBUG_INFORMATION_FORMAT = "dwarf-with-dsym";
				ENABLE_NS_ASSERTIONS = NO;
				ENABLE_STRICT_OBJC_MSGSEND = YES;
				ENABLE_USER_SCRIPT_SANDBOXING = YES;
				GCC_C_LANGUAGE_STANDARD = gnu17;
				GCC_NO_COMMON_BLOCKS = YES;
				GCC_WARN_64_TO_32_BIT_CONVERSION = YES;
				GCC_WARN_ABOUT_RETURN_TYPE = YES_ERROR;
				GCC_WARN_UNDECLARED_SELECTOR = YES;
				GCC_WARN_UNINITIALIZED_AUTOS = YES_AGGRESSIVE;
				GCC_WARN_UNUSED_FUNCTION = YES;
				GCC_WARN_UNUSED_VARIABLE = YES;
				IPHONEOS_DEPLOYMENT_TARGET = 17.5;
				LOCALIZATION_PREFERS_STRING_CATALOGS = YES;
				MTL_ENABLE_DEBUG_INFO = NO;
				MTL_FAST_MATH = YES;
				SDKROOT = iphoneos;
				SWIFT_COMPILATION_MODE = wholemodule;
				VALIDATE_PRODUCT = YES;
			};
			name = Release;
		};
		361868522BFFAED70001116E /* Debug */ = {
			isa = XCBuildConfiguration;
			buildSettings = {
				ASSETCATALOG_COMPILER_APPICON_NAME = AppIcon;
				ASSETCATALOG_COMPILER_GLOBAL_ACCENT_COLOR_NAME = AccentColor;
				CODE_SIGN_STYLE = Automatic;
				CURRENT_PROJECT_VERSION = 1;
				GENERATE_INFOPLIST_FILE = YES;
				INFOPLIST_FILE = UpStocks/Info.plist;
				INFOPLIST_KEY_UIApplicationSupportsIndirectInputEvents = YES;
				INFOPLIST_KEY_UILaunchStoryboardName = LaunchScreen;
				INFOPLIST_KEY_UISupportedInterfaceOrientations = UIInterfaceOrientationPortrait;
				INFOPLIST_KEY_UISupportedInterfaceOrientations_iPad = "UIInterfaceOrientationLandscapeLeft UIInterfaceOrientationLandscapeRight UIInterfaceOrientationPortrait UIInterfaceOrientationPortraitUpsideDown";
				IPHONEOS_DEPLOYMENT_TARGET = 17.0;
				LD_RUNPATH_SEARCH_PATHS = (
					"$(inherited)",
					"@executable_path/Frameworks",
				);
				MARKETING_VERSION = 1.0;
				PRODUCT_BUNDLE_IDENTIFIER = com.kpkcool.UpStocks;
				PRODUCT_NAME = "$(TARGET_NAME)";
				SWIFT_EMIT_LOC_STRINGS = YES;
				SWIFT_VERSION = 5.0;
				TARGETED_DEVICE_FAMILY = "1,2";
			};
			name = Debug;
		};
		361868532BFFAED70001116E /* Release */ = {
			isa = XCBuildConfiguration;
			buildSettings = {
				ASSETCATALOG_COMPILER_APPICON_NAME = AppIcon;
				ASSETCATALOG_COMPILER_GLOBAL_ACCENT_COLOR_NAME = AccentColor;
				CODE_SIGN_STYLE = Automatic;
				CURRENT_PROJECT_VERSION = 1;
				GENERATE_INFOPLIST_FILE = YES;
				INFOPLIST_FILE = UpStocks/Info.plist;
				INFOPLIST_KEY_UIApplicationSupportsIndirectInputEvents = YES;
				INFOPLIST_KEY_UILaunchStoryboardName = LaunchScreen;
				INFOPLIST_KEY_UISupportedInterfaceOrientations = UIInterfaceOrientationPortrait;
				INFOPLIST_KEY_UISupportedInterfaceOrientations_iPad = "UIInterfaceOrientationLandscapeLeft UIInterfaceOrientationLandscapeRight UIInterfaceOrientationPortrait UIInterfaceOrientationPortraitUpsideDown";
				IPHONEOS_DEPLOYMENT_TARGET = 17.0;
				LD_RUNPATH_SEARCH_PATHS = (
					"$(inherited)",
					"@executable_path/Frameworks",
				);
				MARKETING_VERSION = 1.0;
				PRODUCT_BUNDLE_IDENTIFIER = com.kpkcool.UpStocks;
				PRODUCT_NAME = "$(TARGET_NAME)";
				SWIFT_EMIT_LOC_STRINGS = YES;
				SWIFT_VERSION = 5.0;
				TARGETED_DEVICE_FAMILY = "1,2";
			};
			name = Release;
		};
/* End XCBuildConfiguration section */

/* Begin XCConfigurationList section */
		361868382BFFAED40001116E /* Build configuration list for PBXProject "UpStocks" */ = {
			isa = XCConfigurationList;
			buildConfigurations = (
				3618684F2BFFAED70001116E /* Debug */,
				361868502BFFAED70001116E /* Release */,
			);
			defaultConfigurationIsVisible = 0;
			defaultConfigurationName = Release;
		};
		361868512BFFAED70001116E /* Build configuration list for PBXNativeTarget "UpStocks" */ = {
			isa = XCConfigurationList;
			buildConfigurations = (
				361868522BFFAED70001116E /* Debug */,
				361868532BFFAED70001116E /* Release */,
			);
			defaultConfigurationIsVisible = 0;
			defaultConfigurationName = Release;
		};
/* End XCConfigurationList section */
	};
	rootObject = 361868352BFFAED40001116E /* Project object */;
}
